
Microsoft Visual Studio Solution File, Format Version 12.00
# Visual Studio Version 17
VisualStudioVersion = 17.14.36202.13
MinimumVisualStudioVersion = 10.0.40219.1
Project("{FAE04EC0-301F-11D3-BF4B-00C04F79EFBC}") = "SqlShield", "SqlShield\SqlShield.csproj", "{77A47F1B-74A0-4954-9C91-6280C624BBC2}"
EndProject
Project("{FAE04EC0-301F-11D3-BF4B-00C04F79EFBC}") = "SqlShield.Tests", "SqlShield.Tests\SqlShield.Tests.csproj", "{09305BC1-DA42-4C9A-BD59-C3037DE740F1}"
EndProject
Global
	GlobalSection(SolutionConfigurationPlatforms) = preSolution
		Debug|Any CPU = Debug|Any CPU
		Release|Any CPU = Release|Any CPU
	EndGlobalSection
	GlobalSection(ProjectConfigurationPlatforms) = postSolution
		{77A47F1B-74A0-4954-9C91-6280C624BBC2}.Debug|Any CPU.ActiveCfg = Debug|Any CPU
		{77A47F1B-74A0-4954-9C91-6280C624BBC2}.Debug|Any CPU.Build.0 = Debug|Any CPU
		{77A47F1B-74A0-4954-9C91-6280C624BBC2}.Release|Any CPU.ActiveCfg = Release|Any CPU
		{77A47F1B-74A0-4954-9C91-6280C624BBC2}.Release|Any CPU.Build.0 = Release|Any CPU
		{09305BC1-DA42-4C9A-BD59-C3037DE740F1}.Debug|Any CPU.ActiveCfg = Debug|Any CPU
		{09305BC1-DA42-4C9A-BD59-C3037DE740F1}.Debug|Any CPU.Build.0 = Debug|Any CPU
		{09305BC1-DA42-4C9A-BD59-C3037DE740F1}.Release|Any CPU.ActiveCfg = Release|Any CPU
		{09305BC1-DA42-4C9A-BD59-C3037DE740F1}.Release|Any CPU.Build.0 = Release|Any CPU
	EndGlobalSection
	GlobalSection(SolutionProperties) = preSolution
		HideSolutionNode = FALSE
	EndGlobalSection
	GlobalSection(ExtensibilityGlobals) = postSolution
		SolutionGuid = {A7FA26A8-7C22-44BB-8C81-A1CA1C5E27BC}
	EndGlobalSection
EndGlobal
